{
  "name": "duckies11",
  "version": "1.0.1",
  "lockfileVersion": 3,
  "requires": true,
  "packages": {
    "": {
      "name": "duckies11",
      "version": "1.0.1",
      "license": "ISC",
      "dependencies": {
        "duckies11": "^1.0.1"
      }
    },
    "node_modules/duckies11": {
      "version": "1.0.1",
      "resolved": "https://registry.npmjs.org/duckies11/-/duckies11-1.0.1.tgz",
      "integrity": "sha512-GoHMSzFNKOsxS8jK4hHCqj7QZ9AzoqM0Q3ZrTLxP/o0jhZzWczEpj1BBlhEjUrCcE8GS9vK/SjHf3lnHezAz+w=="
    }
  }
}
