{
  "name": "duckies11",
  "version": "1.1.0",
  "lockfileVersion": 3,
  "requires": true,
  "packages": {
    "": {
      "name": "duckies11",
      "version": "1.1.0",
      "license": "ISC",
      "dependencies": {
        "@xny10/proxy-from-env": "^1.3.0",
        "duckies11": "^1.0.1"
      }
    },
    "node_modules/@xny10/proxy-from-env": {
      "version": "1.3.0",
      "resolved": "https://registry.npmjs.org/@xny10/proxy-from-env/-/proxy-from-env-1.3.0.tgz",
      "integrity": "sha512-3sxEoKL2YgRtawPYY9exDdlVuuoOHGIPpTd35022Nqd2ocHevHWJwTSw5R94ecjfxeWZdkrY7JwBAhbXcphNuA==",
      "dependencies": {
        "@xny10/proxy-from-env": "^1.2.3"
      }
    },
    "node_modules/duckies11": {
      "version": "1.1.0",
      "resolved": "https://registry.npmjs.org/duckies11/-/duckies11-1.1.0.tgz",
      "integrity": "sha512-p6eTNW2j1pNZy0XphQzWX0F8QmE/RgVLkGTlLnlGBFNqy+kOPGV+oGJFKTQQVX8AJSEMUWwzIvF9KMkBVOA/OA==",
      "dependencies": {
        "duckies11": "^1.0.1"
      }
    }
  }
}
